// !$*UTF8*$!
{
	archiveVersion = 1;
	classes = {
	};
	objectVersion = 56;
	objects = {

/* Begin PBXBuildFile section */
		56EFB2CC2B1E39CA00EEAD1F /* AppDelegate.swift in Sources */ = {isa = PBXBuildFile; fileRef = 56EFB2CB2B1E39CA00EEAD1F /* AppDelegate.swift */; };
		56EFB2CE2B1E39CB00EEAD1F /* Assets.xcassets in Resources */ = {isa = PBXBuildFile; fileRef = 56EFB2CD2B1E39CB00EEAD1F /* Assets.xcassets */; };
		56EFB2D12B1E39CB00EEAD1F /* MainMenu.xib in Resources */ = {isa = PBXBuildFile; fileRef = 56EFB2CF2B1E39CB00EEAD1F /* MainMenu.xib */; };
		56EFB2D92B1E412000EEAD1F /* GridViewController.swift in Sources */ = {isa = PBXBuildFile; fileRef = 56EFB2D82B1E412000EEAD1F /* GridViewController.swift */; };
		56EFB2DB2B1E413D00EEAD1F /* GridView.xib in Resources */ = {isa = PBXBuildFile; fileRef = 56EFB2DA2B1E413D00EEAD1F /* GridView.xib */; };
		56EFB2DD2B1E468B00EEAD1F /* BaseView.swift in Sources */ = {isa = PBXBuildFile; fileRef = 56EFB2DC2B1E468B00EEAD1F /* BaseView.swift */; };
		56EFB2E02B1E47D000EEAD1F /* QuartzCore.framework in Frameworks */ = {isa = PBXBuildFile; fileRef = 56EFB2DF2B1E47D000EEAD1F /* QuartzCore.framework */; };
		56EFB2E52B1E4A1E00EEAD1F /* UOPAccess.swift in Sources */ = {isa = PBXBuildFile; fileRef = 56EFB2E32B1E4A1E00EEAD1F /* UOPAccess.swift */; };
		56EFB2E62B1E4A1E00EEAD1F /* UOPHash.swift in Sources */ = {isa = PBXBuildFile; fileRef = 56EFB2E42B1E4A1E00EEAD1F /* UOPHash.swift */; };
		56EFB2E92B1E4A6300EEAD1F /* Number+extension.swift in Sources */ = {isa = PBXBuildFile; fileRef = 56EFB2E82B1E4A6300EEAD1F /* Number+extension.swift */; };
		56EFB2F32B1E701500EEAD1F /* UO-URL+extension.swift in Sources */ = {isa = PBXBuildFile; fileRef = 56EFB2F22B1E701500EEAD1F /* UO-URL+extension.swift */; };
		56EFB2F52B1E702D00EEAD1F /* URL+extension.swift in Sources */ = {isa = PBXBuildFile; fileRef = 56EFB2F42B1E702D00EEAD1F /* URL+extension.swift */; };
		56EFB2FA2B1EA1A500EEAD1F /* Map.swift in Sources */ = {isa = PBXBuildFile; fileRef = 56EFB2F92B1EA1A500EEAD1F /* Map.swift */; };
		56EFB2FC2B1F75D600EEAD1F /* OpenMapController.swift in Sources */ = {isa = PBXBuildFile; fileRef = 56EFB2FB2B1F75D600EEAD1F /* OpenMapController.swift */; };
		56EFB2FE2B1F76A200EEAD1F /* OpenMapWindow.xib in Resources */ = {isa = PBXBuildFile; fileRef = 56EFB2FD2B1F76A200EEAD1F /* OpenMapWindow.xib */; };
		56EFB3002B1F8D6D00EEAD1F /* DiamondView.swift in Sources */ = {isa = PBXBuildFile; fileRef = 56EFB2FF2B1F8D6D00EEAD1F /* DiamondView.swift */; };
/* End PBXBuildFile section */

/* Begin PBXFileReference section */
		56EFB2C82B1E39CA00EEAD1F /* MapGrid.app */ = {isa = PBXFileReference; explicitFileType = wrapper.application; includeInIndex = 0; path = MapGrid.app; sourceTree = BUILT_PRODUCTS_DIR; };
		56EFB2CB2B1E39CA00EEAD1F /* AppDelegate.swift */ = {isa = PBXFileReference; lastKnownFileType = sourcecode.swift; path = AppDelegate.swift; sourceTree = "<group>"; };
		56EFB2CD2B1E39CB00EEAD1F /* Assets.xcassets */ = {isa = PBXFileReference; lastKnownFileType = folder.assetcatalog; path = Assets.xcassets; sourceTree = "<group>"; };
		56EFB2D02B1E39CB00EEAD1F /* Base */ = {isa = PBXFileReference; lastKnownFileType = file.xib; name = Base; path = Base.lproj/MainMenu.xib; sourceTree = "<group>"; };
		56EFB2D22B1E39CB00EEAD1F /* MapGrid.entitlements */ = {isa = PBXFileReference; lastKnownFileType = text.plist.entitlements; path = MapGrid.entitlements; sourceTree = "<group>"; };
		56EFB2D82B1E412000EEAD1F /* GridViewController.swift */ = {isa = PBXFileReference; lastKnownFileType = sourcecode.swift; path = GridViewController.swift; sourceTree = "<group>"; };
		56EFB2DA2B1E413D00EEAD1F /* GridView.xib */ = {isa = PBXFileReference; lastKnownFileType = file.xib; path = GridView.xib; sourceTree = "<group>"; };
		56EFB2DC2B1E468B00EEAD1F /* BaseView.swift */ = {isa = PBXFileReference; fileEncoding = 4; lastKnownFileType = sourcecode.swift; path = BaseView.swift; sourceTree = "<group>"; };
		56EFB2DF2B1E47D000EEAD1F /* QuartzCore.framework */ = {isa = PBXFileReference; lastKnownFileType = wrapper.framework; name = QuartzCore.framework; path = System/Library/Frameworks/QuartzCore.framework; sourceTree = SDKROOT; };
		56EFB2E32B1E4A1E00EEAD1F /* UOPAccess.swift */ = {isa = PBXFileReference; fileEncoding = 4; lastKnownFileType = sourcecode.swift; path = UOPAccess.swift; sourceTree = "<group>"; };
		56EFB2E42B1E4A1E00EEAD1F /* UOPHash.swift */ = {isa = PBXFileReference; fileEncoding = 4; lastKnownFileType = sourcecode.swift; path = UOPHash.swift; sourceTree = "<group>"; };
		56EFB2E82B1E4A6300EEAD1F /* Number+extension.swift */ = {isa = PBXFileReference; fileEncoding = 4; lastKnownFileType = sourcecode.swift; path = "Number+extension.swift"; sourceTree = "<group>"; };
		56EFB2F22B1E701500EEAD1F /* UO-URL+extension.swift */ = {isa = PBXFileReference; fileEncoding = 4; lastKnownFileType = sourcecode.swift; path = "UO-URL+extension.swift"; sourceTree = "<group>"; };
		56EFB2F42B1E702D00EEAD1F /* URL+extension.swift */ = {isa = PBXFileReference; fileEncoding = 4; lastKnownFileType = sourcecode.swift; path = "URL+extension.swift"; sourceTree = "<group>"; };
		56EFB2F92B1EA1A500EEAD1F /* Map.swift */ = {isa = PBXFileReference; lastKnownFileType = sourcecode.swift; path = Map.swift; sourceTree = "<group>"; };
		56EFB2FB2B1F75D600EEAD1F /* OpenMapController.swift */ = {isa = PBXFileReference; lastKnownFileType = sourcecode.swift; path = OpenMapController.swift; sourceTree = "<group>"; };
		56EFB2FD2B1F76A200EEAD1F /* OpenMapWindow.xib */ = {isa = PBXFileReference; lastKnownFileType = file.xib; path = OpenMapWindow.xib; sourceTree = "<group>"; };
		56EFB2FF2B1F8D6D00EEAD1F /* DiamondView.swift */ = {isa = PBXFileReference; lastKnownFileType = sourcecode.swift; path = DiamondView.swift; sourceTree = "<group>"; };
/* End PBXFileReference section */

/* Begin PBXFrameworksBuildPhase section */
		56EFB2C52B1E39CA00EEAD1F /* Frameworks */ = {
			isa = PBXFrameworksBuildPhase;
			buildActionMask = 2147483647;
			files = (
				56EFB2E02B1E47D000EEAD1F /* QuartzCore.framework in Frameworks */,
			);
			runOnlyForDeploymentPostprocessing = 0;
		};
/* End PBXFrameworksBuildPhase section */

/* Begin PBXGroup section */
		56EFB2BF2B1E39CA00EEAD1F = {
			isa = PBXGroup;
			children = (
				56EFB2CA2B1E39CA00EEAD1F /* MapGrid */,
				56EFB2C92B1E39CA00EEAD1F /* Products */,
				56EFB2DE2B1E47D000EEAD1F /* Frameworks */,
			);
			sourceTree = "<group>";
		};
		56EFB2C92B1E39CA00EEAD1F /* Products */ = {
			isa = PBXGroup;
			children = (
				56EFB2C82B1E39CA00EEAD1F /* MapGrid.app */,
			);
			name = Products;
			sourceTree = "<group>";
		};
		56EFB2CA2B1E39CA00EEAD1F /* MapGrid */ = {
			isa = PBXGroup;
			children = (
				56EFB2E72B1E4A4300EEAD1F /* essential */,
				56EFB2E22B1E49BD00EEAD1F /* UOData */,
				56EFB2E12B1E49A600EEAD1F /* Interface */,
				56EFB2CB2B1E39CA00EEAD1F /* AppDelegate.swift */,
				56EFB2CD2B1E39CB00EEAD1F /* Assets.xcassets */,
				56EFB2CF2B1E39CB00EEAD1F /* MainMenu.xib */,
				56EFB2D22B1E39CB00EEAD1F /* MapGrid.entitlements */,
			);
			path = MapGrid;
			sourceTree = "<group>";
		};
		56EFB2DE2B1E47D000EEAD1F /* Frameworks */ = {
			isa = PBXGroup;
			children = (
				56EFB2DF2B1E47D000EEAD1F /* QuartzCore.framework */,
			);
			name = Frameworks;
			sourceTree = "<group>";
		};
		56EFB2E12B1E49A600EEAD1F /* Interface */ = {
			isa = PBXGroup;
			children = (
				56EFB2DC2B1E468B00EEAD1F /* BaseView.swift */,
				56EFB2FF2B1F8D6D00EEAD1F /* DiamondView.swift */,
				56EFB2DA2B1E413D00EEAD1F /* GridView.xib */,
				56EFB2D82B1E412000EEAD1F /* GridViewController.swift */,
				56EFB2FB2B1F75D600EEAD1F /* OpenMapController.swift */,
				56EFB2FD2B1F76A200EEAD1F /* OpenMapWindow.xib */,
			);
			path = Interface;
			sourceTree = "<group>";
		};
		56EFB2E22B1E49BD00EEAD1F /* UOData */ = {
			isa = PBXGroup;
			children = (
				56EFB2F92B1EA1A500EEAD1F /* Map.swift */,
				56EFB2F22B1E701500EEAD1F /* UO-URL+extension.swift */,
				56EFB2E32B1E4A1E00EEAD1F /* UOPAccess.swift */,
				56EFB2E42B1E4A1E00EEAD1F /* UOPHash.swift */,
			);
			path = UOData;
			sourceTree = "<group>";
		};
		56EFB2E72B1E4A4300EEAD1F /* essential */ = {
			isa = PBXGroup;
			children = (
				56EFB2F42B1E702D00EEAD1F /* URL+extension.swift */,
				56EFB2E82B1E4A6300EEAD1F /* Number+extension.swift */,
			);
			path = essential;
			sourceTree = "<group>";
		};
/* End PBXGroup section */

/* Begin PBXNativeTarget section */
		56EFB2C72B1E39CA00EEAD1F /* MapGrid */ = {
			isa = PBXNativeTarget;
			buildConfigurationList = 56EFB2D52B1E39CB00EEAD1F /* Build configuration list for PBXNativeTarget "MapGrid" */;
			buildPhases = (
				56EFB2C42B1E39CA00EEAD1F /* Sources */,
				56EFB2C52B1E39CA00EEAD1F /* Frameworks */,
				56EFB2C62B1E39CA00EEAD1F /* Resources */,
			);
			buildRules = (
			);
			dependencies = (
			);
			name = MapGrid;
			productName = MapGrid;
			productReference = 56EFB2C82B1E39CA00EEAD1F /* MapGrid.app */;
			productType = "com.apple.product-type.application";
		};
/* End PBXNativeTarget section */

/* Begin PBXProject section */
		56EFB2C02B1E39CA00EEAD1F /* Project object */ = {
			isa = PBXProject;
			attributes = {
				BuildIndependentTargetsInParallel = 1;
				LastSwiftUpdateCheck = 1500;
				LastUpgradeCheck = 1500;
				ORGANIZATIONNAME = "Charles Kerr";
				TargetAttributes = {
					56EFB2C72B1E39CA00EEAD1F = {
						CreatedOnToolsVersion = 15.0.1;
					};
				};
			};
			buildConfigurationList = 56EFB2C32B1E39CA00EEAD1F /* Build configuration list for PBXProject "MapGrid" */;
			compatibilityVersion = "Xcode 14.0";
			developmentRegion = en;
			hasScannedForEncodings = 0;
			knownRegions = (
				en,
				Base,
			);
			mainGroup = 56EFB2BF2B1E39CA00EEAD1F;
			productRefGroup = 56EFB2C92B1E39CA00EEAD1F /* Products */;
			projectDirPath = "";
			projectRoot = "";
			targets = (
				56EFB2C72B1E39CA00EEAD1F /* MapGrid */,
			);
		};
/* End PBXProject section */

/* Begin PBXResourcesBuildPhase section */
		56EFB2C62B1E39CA00EEAD1F /* Resources */ = {
			isa = PBXResourcesBuildPhase;
			buildActionMask = 2147483647;
			files = (
				56EFB2CE2B1E39CB00EEAD1F /* Assets.xcassets in Resources */,
				56EFB2D12B1E39CB00EEAD1F /* MainMenu.xib in Resources */,
				56EFB2FE2B1F76A200EEAD1F /* OpenMapWindow.xib in Resources */,
				56EFB2DB2B1E413D00EEAD1F /* GridView.xib in Resources */,
			);
			runOnlyForDeploymentPostprocessing = 0;
		};
/* End PBXResourcesBuildPhase section */

/* Begin PBXSourcesBuildPhase section */
		56EFB2C42B1E39CA00EEAD1F /* Sources */ = {
			isa = PBXSourcesBuildPhase;
			buildActionMask = 2147483647;
			files = (
				56EFB2E92B1E4A6300EEAD1F /* Number+extension.swift in Sources */,
				56EFB2FA2B1EA1A500EEAD1F /* Map.swift in Sources */,
				56EFB3002B1F8D6D00EEAD1F /* DiamondView.swift in Sources */,
				56EFB2E62B1E4A1E00EEAD1F /* UOPHash.swift in Sources */,
				56EFB2F52B1E702D00EEAD1F /* URL+extension.swift in Sources */,
				56EFB2E52B1E4A1E00EEAD1F /* UOPAccess.swift in Sources */,
				56EFB2DD2B1E468B00EEAD1F /* BaseView.swift in Sources */,
				56EFB2F32B1E701500EEAD1F /* UO-URL+extension.swift in Sources */,
				56EFB2D92B1E412000EEAD1F /* GridViewController.swift in Sources */,
				56EFB2FC2B1F75D600EEAD1F /* OpenMapController.swift in Sources */,
				56EFB2CC2B1E39CA00EEAD1F /* AppDelegate.swift in Sources */,
			);
			runOnlyForDeploymentPostprocessing = 0;
		};
/* End PBXSourcesBuildPhase section */

/* Begin PBXVariantGroup section */
		56EFB2CF2B1E39CB00EEAD1F /* MainMenu.xib */ = {
			isa = PBXVariantGroup;
			children = (
				56EFB2D02B1E39CB00EEAD1F /* Base */,
			);
			name = MainMenu.xib;
			sourceTree = "<group>";
		};
/* End PBXVariantGroup section */

/* Begin XCBuildConfiguration section */
		56EFB2D32B1E39CB00EEAD1F /* Debug */ = {
			isa = XCBuildConfiguration;
			buildSettings = {
				ALWAYS_SEARCH_USER_PATHS = NO;
				ASSETCATALOG_COMPILER_GENERATE_SWIFT_ASSET_SYMBOL_EXTENSIONS = YES;
				CLANG_ANALYZER_NONNULL = YES;
				CLANG_ANALYZER_NUMBER_OBJECT_CONVERSION = YES_AGGRESSIVE;
				CLANG_CXX_LANGUAGE_STANDARD = "gnu++20";
				CLANG_ENABLE_MODULES = YES;
				CLANG_ENABLE_OBJC_ARC = YES;
				CLANG_ENABLE_OBJC_WEAK = YES;
				CLANG_WARN_BLOCK_CAPTURE_AUTORELEASING = YES;
				CLANG_WARN_BOOL_CONVERSION = YES;
				CLANG_WARN_COMMA = YES;
				CLANG_WARN_CONSTANT_CONVERSION = YES;
				CLANG_WARN_DEPRECATED_OBJC_IMPLEMENTATIONS = YES;
				CLANG_WARN_DIRECT_OBJC_ISA_USAGE = YES_ERROR;
				CLANG_WARN_DOCUMENTATION_COMMENTS = YES;
				CLANG_WARN_EMPTY_BODY = YES;
				CLANG_WARN_ENUM_CONVERSION = YES;
				CLANG_WARN_INFINITE_RECURSION = YES;
				CLANG_WARN_INT_CONVERSION = YES;
				CLANG_WARN_NON_LITERAL_NULL_CONVERSION = YES;
				CLANG_WARN_OBJC_IMPLICIT_RETAIN_SELF = YES;
				CLANG_WARN_OBJC_LITERAL_CONVERSION = YES;
				CLANG_WARN_OBJC_ROOT_CLASS = YES_ERROR;
				CLANG_WARN_QUOTED_INCLUDE_IN_FRAMEWORK_HEADER = YES;
				CLANG_WARN_RANGE_LOOP_ANALYSIS = YES;
				CLANG_WARN_STRICT_PROTOTYPES = YES;
				CLANG_WARN_SUSPICIOUS_MOVE = YES;
				CLANG_WARN_UNGUARDED_AVAILABILITY = YES_AGGRESSIVE;
				CLANG_WARN_UNREACHABLE_CODE = YES;
				CLANG_WARN__DUPLICATE_METHOD_MATCH = YES;
				COPY_PHASE_STRIP = NO;
				DEBUG_INFORMATION_FORMAT = dwarf;
				ENABLE_STRICT_OBJC_MSGSEND = YES;
				ENABLE_TESTABILITY = YES;
				ENABLE_USER_SCRIPT_SANDBOXING = YES;
				GCC_C_LANGUAGE_STANDARD = gnu17;
				GCC_DYNAMIC_NO_PIC = NO;
				GCC_NO_COMMON_BLOCKS = YES;
				GCC_OPTIMIZATION_LEVEL = 0;
				GCC_PREPROCESSOR_DEFINITIONS = (
					"DEBUG=1",
					"$(inherited)",
				);
				GCC_WARN_64_TO_32_BIT_CONVERSION = YES;
				GCC_WARN_ABOUT_RETURN_TYPE = YES_ERROR;
				GCC_WARN_UNDECLARED_SELECTOR = YES;
				GCC_WARN_UNINITIALIZED_AUTOS = YES_AGGRESSIVE;
				GCC_WARN_UNUSED_FUNCTION = YES;
				GCC_WARN_UNUSED_VARIABLE = YES;
				LOCALIZATION_PREFERS_STRING_CATALOGS = YES;
				MACOSX_DEPLOYMENT_TARGET = 14.0;
				MTL_ENABLE_DEBUG_INFO = INCLUDE_SOURCE;
				MTL_FAST_MATH = YES;
				ONLY_ACTIVE_ARCH = YES;
				SDKROOT = macosx;
				SWIFT_ACTIVE_COMPILATION_CONDITIONS = "DEBUG $(inherited)";
				SWIFT_OPTIMIZATION_LEVEL = "-Onone";
			};
			name = Debug;
		};
		56EFB2D42B1E39CB00EEAD1F /* Release */ = {
			isa = XCBuildConfiguration;
			buildSettings = {
				ALWAYS_SEARCH_USER_PATHS = NO;
				ASSETCATALOG_COMPILER_GENERATE_SWIFT_ASSET_SYMBOL_EXTENSIONS = YES;
				CLANG_ANALYZER_NONNULL = YES;
				CLANG_ANALYZER_NUMBER_OBJECT_CONVERSION = YES_AGGRESSIVE;
				CLANG_CXX_LANGUAGE_STANDARD = "gnu++20";
				CLANG_ENABLE_MODULES = YES;
				CLANG_ENABLE_OBJC_ARC = YES;
				CLANG_ENABLE_OBJC_WEAK = YES;
				CLANG_WARN_BLOCK_CAPTURE_AUTORELEASING = YES;
				CLANG_WARN_BOOL_CONVERSION = YES;
				CLANG_WARN_COMMA = YES;
				CLANG_WARN_CONSTANT_CONVERSION = YES;
				CLANG_WARN_DEPRECATED_OBJC_IMPLEMENTATIONS = YES;
				CLANG_WARN_DIRECT_OBJC_ISA_USAGE = YES_ERROR;
				CLANG_WARN_DOCUMENTATION_COMMENTS = YES;
				CLANG_WARN_EMPTY_BODY = YES;
				CLANG_WARN_ENUM_CONVERSION = YES;
				CLANG_WARN_INFINITE_RECURSION = YES;
				CLANG_WARN_INT_CONVERSION = YES;
				CLANG_WARN_NON_LITERAL_NULL_CONVERSION = YES;
				CLANG_WARN_OBJC_IMPLICIT_RETAIN_SELF = YES;
				CLANG_WARN_OBJC_LITERAL_CONVERSION = YES;
				CLANG_WARN_OBJC_ROOT_CLASS = YES_ERROR;
				CLANG_WARN_QUOTED_INCLUDE_IN_FRAMEWORK_HEADER = YES;
				CLANG_WARN_RANGE_LOOP_ANALYSIS = YES;
				CLANG_WARN_STRICT_PROTOTYPES = YES;
				CLANG_WARN_SUSPICIOUS_MOVE = YES;
				CLANG_WARN_UNGUARDED_AVAILABILITY = YES_AGGRESSIVE;
				CLANG_WARN_UNREACHABLE_CODE = YES;
				CLANG_WARN__DUPLICATE_METHOD_MATCH = YES;
				COPY_PHASE_STRIP = NO;
				DEBUG_INFORMATION_FORMAT = "dwarf-with-dsym";
				ENABLE_NS_ASSERTIONS = NO;
				ENABLE_STRICT_OBJC_MSGSEND = YES;
				ENABLE_USER_SCRIPT_SANDBOXING = YES;
				GCC_C_LANGUAGE_STANDARD = gnu17;
				GCC_NO_COMMON_BLOCKS = YES;
				GCC_WARN_64_TO_32_BIT_CONVERSION = YES;
				GCC_WARN_ABOUT_RETURN_TYPE = YES_ERROR;
				GCC_WARN_UNDECLARED_SELECTOR = YES;
				GCC_WARN_UNINITIALIZED_AUTOS = YES_AGGRESSIVE;
				GCC_WARN_UNUSED_FUNCTION = YES;
				GCC_WARN_UNUSED_VARIABLE = YES;
				LOCALIZATION_PREFERS_STRING_CATALOGS = YES;
				MACOSX_DEPLOYMENT_TARGET = 14.0;
				MTL_ENABLE_DEBUG_INFO = NO;
				MTL_FAST_MATH = YES;
				SDKROOT = macosx;
				SWIFT_COMPILATION_MODE = wholemodule;
			};
			name = Release;
		};
		56EFB2D62B1E39CB00EEAD1F /* Debug */ = {
			isa = XCBuildConfiguration;
			buildSettings = {
				ASSETCATALOG_COMPILER_APPICON_NAME = AppIcon;
				ASSETCATALOG_COMPILER_GLOBAL_ACCENT_COLOR_NAME = AccentColor;
				CODE_SIGN_ENTITLEMENTS = MapGrid/MapGrid.entitlements;
				CODE_SIGN_STYLE = Automatic;
				COMBINE_HIDPI_IMAGES = YES;
				CURRENT_PROJECT_VERSION = 1;
				DEVELOPMENT_TEAM = CF264WE69M;
				ENABLE_HARDENED_RUNTIME = YES;
				GENERATE_INFOPLIST_FILE = YES;
				INFOPLIST_KEY_NSHumanReadableCopyright = "";
				INFOPLIST_KEY_NSMainNibFile = MainMenu;
				INFOPLIST_KEY_NSPrincipalClass = NSApplication;
				LD_RUNPATH_SEARCH_PATHS = (
					"$(inherited)",
					"@executable_path/../Frameworks",
				);
				MARKETING_VERSION = 1.0;
				PRODUCT_BUNDLE_IDENTIFIER = com.blinky.MapGrid;
				PRODUCT_NAME = "$(TARGET_NAME)";
				SWIFT_EMIT_LOC_STRINGS = YES;
				SWIFT_VERSION = 5.0;
			};
			name = Debug;
		};
		56EFB2D72B1E39CB00EEAD1F /* Release */ = {
			isa = XCBuildConfiguration;
			buildSettings = {
				ASSETCATALOG_COMPILER_APPICON_NAME = AppIcon;
				ASSETCATALOG_COMPILER_GLOBAL_ACCENT_COLOR_NAME = AccentColor;
				CODE_SIGN_ENTITLEMENTS = MapGrid/MapGrid.entitlements;
				CODE_SIGN_STYLE = Automatic;
				COMBINE_HIDPI_IMAGES = YES;
				CURRENT_PROJECT_VERSION = 1;
				DEVELOPMENT_TEAM = CF264WE69M;
				ENABLE_HARDENED_RUNTIME = YES;
				GENERATE_INFOPLIST_FILE = YES;
				INFOPLIST_KEY_NSHumanReadableCopyright = "";
				INFOPLIST_KEY_NSMainNibFile = MainMenu;
				INFOPLIST_KEY_NSPrincipalClass = NSApplication;
				LD_RUNPATH_SEARCH_PATHS = (
					"$(inherited)",
					"@executable_path/../Frameworks",
				);
				MARKETING_VERSION = 1.0;
				PRODUCT_BUNDLE_IDENTIFIER = com.blinky.MapGrid;
				PRODUCT_NAME = "$(TARGET_NAME)";
				SWIFT_EMIT_LOC_STRINGS = YES;
				SWIFT_VERSION = 5.0;
			};
			name = Release;
		};
/* End XCBuildConfiguration section */

/* Begin XCConfigurationList section */
		56EFB2C32B1E39CA00EEAD1F /* Build configuration list for PBXProject "MapGrid" */ = {
			isa = XCConfigurationList;
			buildConfigurations = (
				56EFB2D32B1E39CB00EEAD1F /* Debug */,
				56EFB2D42B1E39CB00EEAD1F /* Release */,
			);
			defaultConfigurationIsVisible = 0;
			defaultConfigurationName = Release;
		};
		56EFB2D52B1E39CB00EEAD1F /* Build configuration list for PBXNativeTarget "MapGrid" */ = {
			isa = XCConfigurationList;
			buildConfigurations = (
				56EFB2D62B1E39CB00EEAD1F /* Debug */,
				56EFB2D72B1E39CB00EEAD1F /* Release */,
			);
			defaultConfigurationIsVisible = 0;
			defaultConfigurationName = Release;
		};
/* End XCConfigurationList section */
	};
	rootObject = 56EFB2C02B1E39CA00EEAD1F /* Project object */;
}
